
Microsoft Visual Studio Solution File, Format Version 12.00
# Visual Studio Version 17
VisualStudioVersion = 17.8.34601.278
MinimumVisualStudioVersion = 10.0.40219.1
Project("{9A19103F-16F7-4668-BE54-9A1E7A4F7556}") = "EPR.Accreditation.API", "EPR.Accreditation.API\EPR.Accreditation.API.csproj", "{2CD9DEA1-4F2C-4B49-A23E-F040F5B05DE3}"
EndProject
Project("{9A19103F-16F7-4668-BE54-9A1E7A4F7556}") = "EPR.Accreditation.API.Common.Data", "EPR.Accreditation.Common.Data\EPR.Accreditation.API.Common.Data.csproj", "{46F01DDC-0B58-4F6B-8DCB-C36B99AFF31B}"
EndProject
Project("{FAE04EC0-301F-11D3-BF4B-00C04F79EFBC}") = "EPR.Accreditation.API.Common", "EPR.Accreditation.API.Common\EPR.Accreditation.API.Common.csproj", "{ADD27DB7-EF09-4A12-B8FD-A56C7BB62FCA}"
EndProject
Global
	GlobalSection(SolutionConfigurationPlatforms) = preSolution
		Debug|Any CPU = Debug|Any CPU
		Release|Any CPU = Release|Any CPU
	EndGlobalSection
	GlobalSection(ProjectConfigurationPlatforms) = postSolution
		{2CD9DEA1-4F2C-4B49-A23E-F040F5B05DE3}.Debug|Any CPU.ActiveCfg = Debug|Any CPU
		{2CD9DEA1-4F2C-4B49-A23E-F040F5B05DE3}.Debug|Any CPU.Build.0 = Debug|Any CPU
		{2CD9DEA1-4F2C-4B49-A23E-F040F5B05DE3}.Release|Any CPU.ActiveCfg = Release|Any CPU
		{2CD9DEA1-4F2C-4B49-A23E-F040F5B05DE3}.Release|Any CPU.Build.0 = Release|Any CPU
		{46F01DDC-0B58-4F6B-8DCB-C36B99AFF31B}.Debug|Any CPU.ActiveCfg = Debug|Any CPU
		{46F01DDC-0B58-4F6B-8DCB-C36B99AFF31B}.Debug|Any CPU.Build.0 = Debug|Any CPU
		{46F01DDC-0B58-4F6B-8DCB-C36B99AFF31B}.Release|Any CPU.ActiveCfg = Release|Any CPU
		{46F01DDC-0B58-4F6B-8DCB-C36B99AFF31B}.Release|Any CPU.Build.0 = Release|Any CPU
		{ADD27DB7-EF09-4A12-B8FD-A56C7BB62FCA}.Debug|Any CPU.ActiveCfg = Debug|Any CPU
		{ADD27DB7-EF09-4A12-B8FD-A56C7BB62FCA}.Debug|Any CPU.Build.0 = Debug|Any CPU
		{ADD27DB7-EF09-4A12-B8FD-A56C7BB62FCA}.Release|Any CPU.ActiveCfg = Release|Any CPU
		{ADD27DB7-EF09-4A12-B8FD-A56C7BB62FCA}.Release|Any CPU.Build.0 = Release|Any CPU
	EndGlobalSection
	GlobalSection(SolutionProperties) = preSolution
		HideSolutionNode = FALSE
	EndGlobalSection
	GlobalSection(ExtensibilityGlobals) = postSolution
		SolutionGuid = {F9DD9A25-ECF4-49FF-8763-B7218932AE95}
	EndGlobalSection
EndGlobal
